// !$*UTF8*$!
{
	archiveVersion = 1;
	classes = {
	};
	objectVersion = 50;
	objects = {

/* Begin PBXBuildFile section */
		840D1AEA2473B6A400EDCEAD /* AppDelegate.swift in Sources */ = {isa = PBXBuildFile; fileRef = 840D1AE92473B6A400EDCEAD /* AppDelegate.swift */; };
		840D1AEC2473B6A400EDCEAD /* SceneDelegate.swift in Sources */ = {isa = PBXBuildFile; fileRef = 840D1AEB2473B6A400EDCEAD /* SceneDelegate.swift */; };
		840D1AEE2473B6A400EDCEAD /* ViewController.swift in Sources */ = {isa = PBXBuildFile; fileRef = 840D1AED2473B6A400EDCEAD /* ViewController.swift */; };
		840D1AF12473B6A400EDCEAD /* Main.storyboard in Resources */ = {isa = PBXBuildFile; fileRef = 840D1AEF2473B6A400EDCEAD /* Main.storyboard */; };
		840D1AF32473B6A600EDCEAD /* Assets.xcassets in Resources */ = {isa = PBXBuildFile; fileRef = 840D1AF22473B6A600EDCEAD /* Assets.xcassets */; };
		840D1AF62473B6A600EDCEAD /* LaunchScreen.storyboard in Resources */ = {isa = PBXBuildFile; fileRef = 840D1AF42473B6A600EDCEAD /* LaunchScreen.storyboard */; };
		840D1B012473B6A600EDCEAD /* MyconcentrationTests.swift in Sources */ = {isa = PBXBuildFile; fileRef = 840D1B002473B6A600EDCEAD /* MyconcentrationTests.swift */; };
		840D1B0C2473B6A600EDCEAD /* MyconcentrationUITests.swift in Sources */ = {isa = PBXBuildFile; fileRef = 840D1B0B2473B6A600EDCEAD /* MyconcentrationUITests.swift */; };
		840D1B1B2473B9AC00EDCEAD /* Card.swift in Sources */ = {isa = PBXBuildFile; fileRef = 840D1B1A2473B9AC00EDCEAD /* Card.swift */; };
		840D1B1D2473B9C300EDCEAD /* Myconcentration.swift in Sources */ = {isa = PBXBuildFile; fileRef = 840D1B1C2473B9C300EDCEAD /* Myconcentration.swift */; };
/* End PBXBuildFile section */

/* Begin PBXContainerItemProxy section */
		840D1AFD2473B6A600EDCEAD /* PBXContainerItemProxy */ = {
			isa = PBXContainerItemProxy;
			containerPortal = 840D1ADE2473B6A400EDCEAD /* Project object */;
			proxyType = 1;
			remoteGlobalIDString = 840D1AE52473B6A400EDCEAD;
			remoteInfo = Myconcentration;
		};
		840D1B082473B6A600EDCEAD /* PBXContainerItemProxy */ = {
			isa = PBXContainerItemProxy;
			containerPortal = 840D1ADE2473B6A400EDCEAD /* Project object */;
			proxyType = 1;
			remoteGlobalIDString = 840D1AE52473B6A400EDCEAD;
			remoteInfo = Myconcentration;
		};
/* End PBXContainerItemProxy section */

/* Begin PBXFileReference section */
		840D1AE62473B6A400EDCEAD /* Myconcentration.app */ = {isa = PBXFileReference; explicitFileType = wrapper.application; includeInIndex = 0; path = Myconcentration.app; sourceTree = BUILT_PRODUCTS_DIR; };
		840D1AE92473B6A400EDCEAD /* AppDelegate.swift */ = {isa = PBXFileReference; lastKnownFileType = sourcecode.swift; path = AppDelegate.swift; sourceTree = "<group>"; };
		840D1AEB2473B6A400EDCEAD /* SceneDelegate.swift */ = {isa = PBXFileReference; lastKnownFileType = sourcecode.swift; path = SceneDelegate.swift; sourceTree = "<group>"; };
		840D1AED2473B6A400EDCEAD /* ViewController.swift */ = {isa = PBXFileReference; lastKnownFileType = sourcecode.swift; path = ViewController.swift; sourceTree = "<group>"; };
		840D1AF02473B6A400EDCEAD /* Base */ = {isa = PBXFileReference; lastKnownFileType = file.storyboard; name = Base; path = Base.lproj/Main.storyboard; sourceTree = "<group>"; };
		840D1AF22473B6A600EDCEAD /* Assets.xcassets */ = {isa = PBXFileReference; lastKnownFileType = folder.assetcatalog; path = Assets.xcassets; sourceTree = "<group>"; };
		840D1AF52473B6A600EDCEAD /* Base */ = {isa = PBXFileReference; lastKnownFileType = file.storyboard; name = Base; path = Base.lproj/LaunchScreen.storyboard; sourceTree = "<group>"; };
		840D1AF72473B6A600EDCEAD /* Info.plist */ = {isa = PBXFileReference; lastKnownFileType = text.plist.xml; path = Info.plist; sourceTree = "<group>"; };
		840D1AFC2473B6A600EDCEAD /* MyconcentrationTests.xctest */ = {isa = PBXFileReference; explicitFileType = wrapper.cfbundle; includeInIndex = 0; path = MyconcentrationTests.xctest; sourceTree = BUILT_PRODUCTS_DIR; };
		840D1B002473B6A600EDCEAD /* MyconcentrationTests.swift */ = {isa = PBXFileReference; lastKnownFileType = sourcecode.swift; path = MyconcentrationTests.swift; sourceTree = "<group>"; };
		840D1B022473B6A600EDCEAD /* Info.plist */ = {isa = PBXFileReference; lastKnownFileType = text.plist.xml; path = Info.plist; sourceTree = "<group>"; };
		840D1B072473B6A600EDCEAD /* MyconcentrationUITests.xctest */ = {isa = PBXFileReference; explicitFileType = wrapper.cfbundle; includeInIndex = 0; path = MyconcentrationUITests.xctest; sourceTree = BUILT_PRODUCTS_DIR; };
		840D1B0B2473B6A600EDCEAD /* MyconcentrationUITests.swift */ = {isa = PBXFileReference; lastKnownFileType = sourcecode.swift; path = MyconcentrationUITests.swift; sourceTree = "<group>"; };
		840D1B0D2473B6A600EDCEAD /* Info.plist */ = {isa = PBXFileReference; lastKnownFileType = text.plist.xml; path = Info.plist; sourceTree = "<group>"; };
		840D1B1A2473B9AC00EDCEAD /* Card.swift */ = {isa = PBXFileReference; lastKnownFileType = sourcecode.swift; path = Card.swift; sourceTree = "<group>"; };
		840D1B1C2473B9C300EDCEAD /* Myconcentration.swift */ = {isa = PBXFileReference; lastKnownFileType = sourcecode.swift; path = Myconcentration.swift; sourceTree = "<group>"; };
/* End PBXFileReference section */

/* Begin PBXFrameworksBuildPhase section */
		840D1AE32473B6A400EDCEAD /* Frameworks */ = {
			isa = PBXFrameworksBuildPhase;
			buildActionMask = 2147483647;
			files = (
			);
			runOnlyForDeploymentPostprocessing = 0;
		};
		840D1AF92473B6A600EDCEAD /* Frameworks */ = {
			isa = PBXFrameworksBuildPhase;
			buildActionMask = 2147483647;
			files = (
			);
			runOnlyForDeploymentPostprocessing = 0;
		};
		840D1B042473B6A600EDCEAD /* Frameworks */ = {
			isa = PBXFrameworksBuildPhase;
			buildActionMask = 2147483647;
			files = (
			);
			runOnlyForDeploymentPostprocessing = 0;
		};
/* End PBXFrameworksBuildPhase section */

/* Begin PBXGroup section */
		840D1ADD2473B6A400EDCEAD = {
			isa = PBXGroup;
			children = (
				840D1AE82473B6A400EDCEAD /* Myconcentration */,
				840D1AFF2473B6A600EDCEAD /* MyconcentrationTests */,
				840D1B0A2473B6A600EDCEAD /* MyconcentrationUITests */,
				840D1AE72473B6A400EDCEAD /* Products */,
			);
			sourceTree = "<group>";
		};
		840D1AE72473B6A400EDCEAD /* Products */ = {
			isa = PBXGroup;
			children = (
				840D1AE62473B6A400EDCEAD /* Myconcentration.app */,
				840D1AFC2473B6A600EDCEAD /* MyconcentrationTests.xctest */,
				840D1B072473B6A600EDCEAD /* MyconcentrationUITests.xctest */,
			);
			name = Products;
			sourceTree = "<group>";
		};
		840D1AE82473B6A400EDCEAD /* Myconcentration */ = {
			isa = PBXGroup;
			children = (
				840D1AED2473B6A400EDCEAD /* ViewController.swift */,
				840D1AEF2473B6A400EDCEAD /* Main.storyboard */,
				840D1B1A2473B9AC00EDCEAD /* Card.swift */,
				840D1B1C2473B9C300EDCEAD /* Myconcentration.swift */,
				840D1AF22473B6A600EDCEAD /* Assets.xcassets */,
				840D1B192473B6D600EDCEAD /* SystemFiles */,
				840D1AF72473B6A600EDCEAD /* Info.plist */,
			);
			path = Myconcentration;
			sourceTree = "<group>";
		};
		840D1AFF2473B6A600EDCEAD /* MyconcentrationTests */ = {
			isa = PBXGroup;
			children = (
				840D1B002473B6A600EDCEAD /* MyconcentrationTests.swift */,
				840D1B022473B6A600EDCEAD /* Info.plist */,
			);
			path = MyconcentrationTests;
			sourceTree = "<group>";
		};
		840D1B0A2473B6A600EDCEAD /* MyconcentrationUITests */ = {
			isa = PBXGroup;
			children = (
				840D1B0B2473B6A600EDCEAD /* MyconcentrationUITests.swift */,
				840D1B0D2473B6A600EDCEAD /* Info.plist */,
			);
			path = MyconcentrationUITests;
			sourceTree = "<group>";
		};
		840D1B192473B6D600EDCEAD /* SystemFiles */ = {
			isa = PBXGroup;
			children = (
				840D1AE92473B6A400EDCEAD /* AppDelegate.swift */,
				840D1AEB2473B6A400EDCEAD /* SceneDelegate.swift */,
				840D1AF42473B6A600EDCEAD /* LaunchScreen.storyboard */,
			);
			path = SystemFiles;
			sourceTree = "<group>";
		};
/* End PBXGroup section */

/* Begin PBXNativeTarget section */
		840D1AE52473B6A400EDCEAD /* Myconcentration */ = {
			isa = PBXNativeTarget;
			buildConfigurationList = 840D1B102473B6A600EDCEAD /* Build configuration list for PBXNativeTarget "Myconcentration" */;
			buildPhases = (
				840D1AE22473B6A400EDCEAD /* Sources */,
				840D1AE32473B6A400EDCEAD /* Frameworks */,
				840D1AE42473B6A400EDCEAD /* Resources */,
			);
			buildRules = (
			);
			dependencies = (
			);
			name = Myconcentration;
			productName = Myconcentration;
			productReference = 840D1AE62473B6A400EDCEAD /* Myconcentration.app */;
			productType = "com.apple.product-type.application";
		};
		840D1AFB2473B6A600EDCEAD /* MyconcentrationTests */ = {
			isa = PBXNativeTarget;
			buildConfigurationList = 840D1B132473B6A600EDCEAD /* Build configuration list for PBXNativeTarget "MyconcentrationTests" */;
			buildPhases = (
				840D1AF82473B6A600EDCEAD /* Sources */,
				840D1AF92473B6A600EDCEAD /* Frameworks */,
				840D1AFA2473B6A600EDCEAD /* Resources */,
			);
			buildRules = (
			);
			dependencies = (
				840D1AFE2473B6A600EDCEAD /* PBXTargetDependency */,
			);
			name = MyconcentrationTests;
			productName = MyconcentrationTests;
			productReference = 840D1AFC2473B6A600EDCEAD /* MyconcentrationTests.xctest */;
			productType = "com.apple.product-type.bundle.unit-test";
		};
		840D1B062473B6A600EDCEAD /* MyconcentrationUITests */ = {
			isa = PBXNativeTarget;
			buildConfigurationList = 840D1B162473B6A600EDCEAD /* Build configuration list for PBXNativeTarget "MyconcentrationUITests" */;
			buildPhases = (
				840D1B032473B6A600EDCEAD /* Sources */,
				840D1B042473B6A600EDCEAD /* Frameworks */,
				840D1B052473B6A600EDCEAD /* Resources */,
			);
			buildRules = (
			);
			dependencies = (
				840D1B092473B6A600EDCEAD /* PBXTargetDependency */,
			);
			name = MyconcentrationUITests;
			productName = MyconcentrationUITests;
			productReference = 840D1B072473B6A600EDCEAD /* MyconcentrationUITests.xctest */;
			productType = "com.apple.product-type.bundle.ui-testing";
		};
/* End PBXNativeTarget section */

/* Begin PBXProject section */
		840D1ADE2473B6A400EDCEAD /* Project object */ = {
			isa = PBXProject;
			attributes = {
				LastSwiftUpdateCheck = 1130;
				LastUpgradeCheck = 1130;
				ORGANIZATIONNAME = zhuwenhong;
				TargetAttributes = {
					840D1AE52473B6A400EDCEAD = {
						CreatedOnToolsVersion = 11.3.1;
					};
					840D1AFB2473B6A600EDCEAD = {
						CreatedOnToolsVersion = 11.3.1;
						TestTargetID = 840D1AE52473B6A400EDCEAD;
					};
					840D1B062473B6A600EDCEAD = {
						CreatedOnToolsVersion = 11.3.1;
						TestTargetID = 840D1AE52473B6A400EDCEAD;
					};
				};
			};
			buildConfigurationList = 840D1AE12473B6A400EDCEAD /* Build configuration list for PBXProject "Myconcentration" */;
			compatibilityVersion = "Xcode 9.3";
			developmentRegion = en;
			hasScannedForEncodings = 0;
			knownRegions = (
				en,
				Base,
			);
			mainGroup = 840D1ADD2473B6A400EDCEAD;
			productRefGroup = 840D1AE72473B6A400EDCEAD /* Products */;
			projectDirPath = "";
			projectRoot = "";
			targets = (
				840D1AE52473B6A400EDCEAD /* Myconcentration */,
				840D1AFB2473B6A600EDCEAD /* MyconcentrationTests */,
				840D1B062473B6A600EDCEAD /* MyconcentrationUITests */,
			);
		};
/* End PBXProject section */

/* Begin PBXResourcesBuildPhase section */
		840D1AE42473B6A400EDCEAD /* Resources */ = {
			isa = PBXResourcesBuildPhase;
			buildActionMask = 2147483647;
			files = (
				840D1AF62473B6A600EDCEAD /* LaunchScreen.storyboard in Resources */,
				840D1AF32473B6A600EDCEAD /* Assets.xcassets in Resources */,
				840D1AF12473B6A400EDCEAD /* Main.storyboard in Resources */,
			);
			runOnlyForDeploymentPostprocessing = 0;
		};
		840D1AFA2473B6A600EDCEAD /* Resources */ = {
			isa = PBXResourcesBuildPhase;
			buildActionMask = 2147483647;
			files = (
			);
			runOnlyForDeploymentPostprocessing = 0;
		};
		840D1B052473B6A600EDCEAD /* Resources */ = {
			isa = PBXResourcesBuildPhase;
			buildActionMask = 2147483647;
			files = (
			);
			runOnlyForDeploymentPostprocessing = 0;
		};
/* End PBXResourcesBuildPhase section */

/* Begin PBXSourcesBuildPhase section */
		840D1AE22473B6A400EDCEAD /* Sources */ = {
			isa = PBXSourcesBuildPhase;
			buildActionMask = 2147483647;
			files = (
				840D1AEE2473B6A400EDCEAD /* ViewController.swift in Sources */,
				840D1B1D2473B9C300EDCEAD /* Myconcentration.swift in Sources */,
				840D1AEA2473B6A400EDCEAD /* AppDelegate.swift in Sources */,
				840D1AEC2473B6A400EDCEAD /* SceneDelegate.swift in Sources */,
				840D1B1B2473B9AC00EDCEAD /* Card.swift in Sources */,
			);
			runOnlyForDeploymentPostprocessing = 0;
		};
		840D1AF82473B6A600EDCEAD /* Sources */ = {
			isa = PBXSourcesBuildPhase;
			buildActionMask = 2147483647;
			files = (
				840D1B012473B6A600EDCEAD /* MyconcentrationTests.swift in Sources */,
			);
			runOnlyForDeploymentPostprocessing = 0;
		};
		840D1B032473B6A600EDCEAD /* Sources */ = {
			isa = PBXSourcesBuildPhase;
			buildActionMask = 2147483647;
			files = (
				840D1B0C2473B6A600EDCEAD /* MyconcentrationUITests.swift in Sources */,
			);
			runOnlyForDeploymentPostprocessing = 0;
		};
/* End PBXSourcesBuildPhase section */

/* Begin PBXTargetDependency section */
		840D1AFE2473B6A600EDCEAD /* PBXTargetDependency */ = {
			isa = PBXTargetDependency;
			target = 840D1AE52473B6A400EDCEAD /* Myconcentration */;
			targetProxy = 840D1AFD2473B6A600EDCEAD /* PBXContainerItemProxy */;
		};
		840D1B092473B6A600EDCEAD /* PBXTargetDependency */ = {
			isa = PBXTargetDependency;
			target = 840D1AE52473B6A400EDCEAD /* Myconcentration */;
			targetProxy = 840D1B082473B6A600EDCEAD /* PBXContainerItemProxy */;
		};
/* End PBXTargetDependency section */

/* Begin PBXVariantGroup section */
		840D1AEF2473B6A400EDCEAD /* Main.storyboard */ = {
			isa = PBXVariantGroup;
			children = (
				840D1AF02473B6A400EDCEAD /* Base */,
			);
			name = Main.storyboard;
			sourceTree = "<group>";
		};
		840D1AF42473B6A600EDCEAD /* LaunchScreen.storyboard */ = {
			isa = PBXVariantGroup;
			children = (
				840D1AF52473B6A600EDCEAD /* Base */,
			);
			name = LaunchScreen.storyboard;
			sourceTree = "<group>";
		};
/* End PBXVariantGroup section */

/* Begin XCBuildConfiguration section */
		840D1B0E2473B6A600EDCEAD /* Debug */ = {
			isa = XCBuildConfiguration;
			buildSettings = {
				ALWAYS_SEARCH_USER_PATHS = NO;
				CLANG_ANALYZER_NONNULL = YES;
				CLANG_ANALYZER_NUMBER_OBJECT_CONVERSION = YES_AGGRESSIVE;
				CLANG_CXX_LANGUAGE_STANDARD = "gnu++14";
				CLANG_CXX_LIBRARY = "libc++";
				CLANG_ENABLE_MODULES = YES;
				CLANG_ENABLE_OBJC_ARC = YES;
				CLANG_ENABLE_OBJC_WEAK = YES;
				CLANG_WARN_BLOCK_CAPTURE_AUTORELEASING = YES;
				CLANG_WARN_BOOL_CONVERSION = YES;
				CLANG_WARN_COMMA = YES;
				CLANG_WARN_CONSTANT_CONVERSION = YES;
				CLANG_WARN_DEPRECATED_OBJC_IMPLEMENTATIONS = YES;
				CLANG_WARN_DIRECT_OBJC_ISA_USAGE = YES_ERROR;
				CLANG_WARN_DOCUMENTATION_COMMENTS = YES;
				CLANG_WARN_EMPTY_BODY = YES;
				CLANG_WARN_ENUM_CONVERSION = YES;
				CLANG_WARN_INFINITE_RECURSION = YES;
				CLANG_WARN_INT_CONVERSION = YES;
				CLANG_WARN_NON_LITERAL_NULL_CONVERSION = YES;
				CLANG_WARN_OBJC_IMPLICIT_RETAIN_SELF = YES;
				CLANG_WARN_OBJC_LITERAL_CONVERSION = YES;
				CLANG_WARN_OBJC_ROOT_CLASS = YES_ERROR;
				CLANG_WARN_RANGE_LOOP_ANALYSIS = YES;
				CLANG_WARN_STRICT_PROTOTYPES = YES;
				CLANG_WARN_SUSPICIOUS_MOVE = YES;
				CLANG_WARN_UNGUARDED_AVAILABILITY = YES_AGGRESSIVE;
				CLANG_WARN_UNREACHABLE_CODE = YES;
				CLANG_WARN__DUPLICATE_METHOD_MATCH = YES;
				COPY_PHASE_STRIP = NO;
				DEBUG_INFORMATION_FORMAT = dwarf;
				ENABLE_STRICT_OBJC_MSGSEND = YES;
				ENABLE_TESTABILITY = YES;
				GCC_C_LANGUAGE_STANDARD = gnu11;
				GCC_DYNAMIC_NO_PIC = NO;
				GCC_NO_COMMON_BLOCKS = YES;
				GCC_OPTIMIZATION_LEVEL = 0;
				GCC_PREPROCESSOR_DEFINITIONS = (
					"DEBUG=1",
					"$(inherited)",
				);
				GCC_WARN_64_TO_32_BIT_CONVERSION = YES;
				GCC_WARN_ABOUT_RETURN_TYPE = YES_ERROR;
				GCC_WARN_UNDECLARED_SELECTOR = YES;
				GCC_WARN_UNINITIALIZED_AUTOS = YES_AGGRESSIVE;
				GCC_WARN_UNUSED_FUNCTION = YES;
				GCC_WARN_UNUSED_VARIABLE = YES;
				IPHONEOS_DEPLOYMENT_TARGET = 13.2;
				MTL_ENABLE_DEBUG_INFO = INCLUDE_SOURCE;
				MTL_FAST_MATH = YES;
				ONLY_ACTIVE_ARCH = YES;
				SDKROOT = iphoneos;
				SWIFT_ACTIVE_COMPILATION_CONDITIONS = DEBUG;
				SWIFT_OPTIMIZATION_LEVEL = "-Onone";
			};
			name = Debug;
		};
		840D1B0F2473B6A600EDCEAD /* Release */ = {
			isa = XCBuildConfiguration;
			buildSettings = {
				ALWAYS_SEARCH_USER_PATHS = NO;
				CLANG_ANALYZER_NONNULL = YES;
				CLANG_ANALYZER_NUMBER_OBJECT_CONVERSION = YES_AGGRESSIVE;
				CLANG_CXX_LANGUAGE_STANDARD = "gnu++14";
				CLANG_CXX_LIBRARY = "libc++";
				CLANG_ENABLE_MODULES = YES;
				CLANG_ENABLE_OBJC_ARC = YES;
				CLANG_ENABLE_OBJC_WEAK = YES;
				CLANG_WARN_BLOCK_CAPTURE_AUTORELEASING = YES;
				CLANG_WARN_BOOL_CONVERSION = YES;
				CLANG_WARN_COMMA = YES;
				CLANG_WARN_CONSTANT_CONVERSION = YES;
				CLANG_WARN_DEPRECATED_OBJC_IMPLEMENTATIONS = YES;
				CLANG_WARN_DIRECT_OBJC_ISA_USAGE = YES_ERROR;
				CLANG_WARN_DOCUMENTATION_COMMENTS = YES;
				CLANG_WARN_EMPTY_BODY = YES;
				CLANG_WARN_ENUM_CONVERSION = YES;
				CLANG_WARN_INFINITE_RECURSION = YES;
				CLANG_WARN_INT_CONVERSION = YES;
				CLANG_WARN_NON_LITERAL_NULL_CONVERSION = YES;
				CLANG_WARN_OBJC_IMPLICIT_RETAIN_SELF = YES;
				CLANG_WARN_OBJC_LITERAL_CONVERSION = YES;
				CLANG_WARN_OBJC_ROOT_CLASS = YES_ERROR;
				CLANG_WARN_RANGE_LOOP_ANALYSIS = YES;
				CLANG_WARN_STRICT_PROTOTYPES = YES;
				CLANG_WARN_SUSPICIOUS_MOVE = YES;
				CLANG_WARN_UNGUARDED_AVAILABILITY = YES_AGGRESSIVE;
				CLANG_WARN_UNREACHABLE_CODE = YES;
				CLANG_WARN__DUPLICATE_METHOD_MATCH = YES;
				COPY_PHASE_STRIP = NO;
				DEBUG_INFORMATION_FORMAT = "dwarf-with-dsym";
				ENABLE_NS_ASSERTIONS = NO;
				ENABLE_STRICT_OBJC_MSGSEND = YES;
				GCC_C_LANGUAGE_STANDARD = gnu11;
				GCC_NO_COMMON_BLOCKS = YES;
				GCC_WARN_64_TO_32_BIT_CONVERSION = YES;
				GCC_WARN_ABOUT_RETURN_TYPE = YES_ERROR;
				GCC_WARN_UNDECLARED_SELECTOR = YES;
				GCC_WARN_UNINITIALIZED_AUTOS = YES_AGGRESSIVE;
				GCC_WARN_UNUSED_FUNCTION = YES;
				GCC_WARN_UNUSED_VARIABLE = YES;
				IPHONEOS_DEPLOYMENT_TARGET = 13.2;
				MTL_ENABLE_DEBUG_INFO = NO;
				MTL_FAST_MATH = YES;
				SDKROOT = iphoneos;
				SWIFT_COMPILATION_MODE = wholemodule;
				SWIFT_OPTIMIZATION_LEVEL = "-O";
				VALIDATE_PRODUCT = YES;
			};
			name = Release;
		};
		840D1B112473B6A600EDCEAD /* Debug */ = {
			isa = XCBuildConfiguration;
			buildSettings = {
				ASSETCATALOG_COMPILER_APPICON_NAME = AppIcon;
				CODE_SIGN_STYLE = Automatic;
				DEVELOPMENT_TEAM = DKH59YG4DM;
				INFOPLIST_FILE = Myconcentration/Info.plist;
				LD_RUNPATH_SEARCH_PATHS = (
					"$(inherited)",
					"@executable_path/Frameworks",
				);
				PRODUCT_BUNDLE_IDENTIFIER = zwhzkf12345...Myconcentration;
				PRODUCT_NAME = "$(TARGET_NAME)";
				SWIFT_VERSION = 5.0;
				TARGETED_DEVICE_FAMILY = "1,2";
			};
			name = Debug;
		};
		840D1B122473B6A600EDCEAD /* Release */ = {
			isa = XCBuildConfiguration;
			buildSettings = {
				ASSETCATALOG_COMPILER_APPICON_NAME = AppIcon;
				CODE_SIGN_STYLE = Automatic;
				DEVELOPMENT_TEAM = DKH59YG4DM;
				INFOPLIST_FILE = Myconcentration/Info.plist;
				LD_RUNPATH_SEARCH_PATHS = (
					"$(inherited)",
					"@executable_path/Frameworks",
				);
				PRODUCT_BUNDLE_IDENTIFIER = zwhzkf12345...Myconcentration;
				PRODUCT_NAME = "$(TARGET_NAME)";
				SWIFT_VERSION = 5.0;
				TARGETED_DEVICE_FAMILY = "1,2";
			};
			name = Release;
		};
		840D1B142473B6A600EDCEAD /* Debug */ = {
			isa = XCBuildConfiguration;
			buildSettings = {
				ALWAYS_EMBED_SWIFT_STANDARD_LIBRARIES = YES;
				BUNDLE_LOADER = "$(TEST_HOST)";
				CODE_SIGN_STYLE = Automatic;
				INFOPLIST_FILE = MyconcentrationTests/Info.plist;
				IPHONEOS_DEPLOYMENT_TARGET = 13.2;
				LD_RUNPATH_SEARCH_PATHS = (
					"$(inherited)",
					"@executable_path/Frameworks",
					"@loader_path/Frameworks",
				);
				PRODUCT_BUNDLE_IDENTIFIER = zwhzkf12345...MyconcentrationTests;
				PRODUCT_NAME = "$(TARGET_NAME)";
				SWIFT_VERSION = 5.0;
				TARGETED_DEVICE_FAMILY = "1,2";
				TEST_HOST = "$(BUILT_PRODUCTS_DIR)/Myconcentration.app/Myconcentration";
			};
			name = Debug;
		};
		840D1B152473B6A600EDCEAD /* Release */ = {
			isa = XCBuildConfiguration;
			buildSettings = {
				ALWAYS_EMBED_SWIFT_STANDARD_LIBRARIES = YES;
				BUNDLE_LOADER = "$(TEST_HOST)";
				CODE_SIGN_STYLE = Automatic;
				INFOPLIST_FILE = MyconcentrationTests/Info.plist;
				IPHONEOS_DEPLOYMENT_TARGET = 13.2;
				LD_RUNPATH_SEARCH_PATHS = (
					"$(inherited)",
					"@executable_path/Frameworks",
					"@loader_path/Frameworks",
				);
				PRODUCT_BUNDLE_IDENTIFIER = zwhzkf12345...MyconcentrationTests;
				PRODUCT_NAME = "$(TARGET_NAME)";
				SWIFT_VERSION = 5.0;
				TARGETED_DEVICE_FAMILY = "1,2";
				TEST_HOST = "$(BUILT_PRODUCTS_DIR)/Myconcentration.app/Myconcentration";
			};
			name = Release;
		};
		840D1B172473B6A600EDCEAD /* Debug */ = {
			isa = XCBuildConfiguration;
			buildSettings = {
				ALWAYS_EMBED_SWIFT_STANDARD_LIBRARIES = YES;
				CODE_SIGN_STYLE = Automatic;
				INFOPLIST_FILE = MyconcentrationUITests/Info.plist;
				LD_RUNPATH_SEARCH_PATHS = (
					"$(inherited)",
					"@executable_path/Frameworks",
					"@loader_path/Frameworks",
				);
				PRODUCT_BUNDLE_IDENTIFIER = zwhzkf12345...MyconcentrationUITests;
				PRODUCT_NAME = "$(TARGET_NAME)";
				SWIFT_VERSION = 5.0;
				TARGETED_DEVICE_FAMILY = "1,2";
				TEST_TARGET_NAME = Myconcentration;
			};
			name = Debug;
		};
		840D1B182473B6A600EDCEAD /* Release */ = {
			isa = XCBuildConfiguration;
			buildSettings = {
				ALWAYS_EMBED_SWIFT_STANDARD_LIBRARIES = YES;
				CODE_SIGN_STYLE = Automatic;
				INFOPLIST_FILE = MyconcentrationUITests/Info.plist;
				LD_RUNPATH_SEARCH_PATHS = (
					"$(inherited)",
					"@executable_path/Frameworks",
					"@loader_path/Frameworks",
				);
				PRODUCT_BUNDLE_IDENTIFIER = zwhzkf12345...MyconcentrationUITests;
				PRODUCT_NAME = "$(TARGET_NAME)";
				SWIFT_VERSION = 5.0;
				TARGETED_DEVICE_FAMILY = "1,2";
				TEST_TARGET_NAME = Myconcentration;
			};
			name = Release;
		};
/* End XCBuildConfiguration section */

/* Begin XCConfigurationList section */
		840D1AE12473B6A400EDCEAD /* Build configuration list for PBXProject "Myconcentration" */ = {
			isa = XCConfigurationList;
			buildConfigurations = (
				840D1B0E2473B6A600EDCEAD /* Debug */,
				840D1B0F2473B6A600EDCEAD /* Release */,
			);
			defaultConfigurationIsVisible = 0;
			defaultConfigurationName = Release;
		};
		840D1B102473B6A600EDCEAD /* Build configuration list for PBXNativeTarget "Myconcentration" */ = {
			isa = XCConfigurationList;
			buildConfigurations = (
				840D1B112473B6A600EDCEAD /* Debug */,
				840D1B122473B6A600EDCEAD /* Release */,
			);
			defaultConfigurationIsVisible = 0;
			defaultConfigurationName = Release;
		};
		840D1B132473B6A600EDCEAD /* Build configuration list for PBXNativeTarget "MyconcentrationTests" */ = {
			isa = XCConfigurationList;
			buildConfigurations = (
				840D1B142473B6A600EDCEAD /* Debug */,
				840D1B152473B6A600EDCEAD /* Release */,
			);
			defaultConfigurationIsVisible = 0;
			defaultConfigurationName = Release;
		};
		840D1B162473B6A600EDCEAD /* Build configuration list for PBXNativeTarget "MyconcentrationUITests" */ = {
			isa = XCConfigurationList;
			buildConfigurations = (
				840D1B172473B6A600EDCEAD /* Debug */,
				840D1B182473B6A600EDCEAD /* Release */,
			);
			defaultConfigurationIsVisible = 0;
			defaultConfigurationName = Release;
		};
/* End XCConfigurationList section */
	};
	rootObject = 840D1ADE2473B6A400EDCEAD /* Project object */;
}
